
Microsoft Visual Studio Solution File, Format Version 12.00
# Visual Studio 14
VisualStudioVersion = 14.0.25420.1
MinimumVisualStudioVersion = 10.0.40219.1
Project("{FAE04EC0-301F-11D3-BF4B-00C04F79EFBC}") = "RFO.Common.Utilities", "RFO.Common.Utilities\RFO.Common.Utilities.csproj", "{CC18C242-837B-4027-B5CC-983321E239A1}"
EndProject
Project("{FAE04EC0-301F-11D3-BF4B-00C04F79EFBC}") = "RFO.AspNet.Utilities", "RFO.AspNet.Utilities\RFO.AspNet.Utilities.csproj", "{9A7F45C5-B772-44DF-8397-0E55D03DBA04}"
EndProject
Project("{FAE04EC0-301F-11D3-BF4B-00C04F79EFBC}") = "RFO.MetaData", "RFO.MetaData\RFO.MetaData.csproj", "{D607D09C-F1E2-4DAB-B546-DE294ECD96E0}"
EndProject
Project("{FAE04EC0-301F-11D3-BF4B-00C04F79EFBC}") = "RFO.Website", "RFO.Website\RFO.Website.csproj", "{AB9948C2-FCC1-44CA-AE9D-41323349ED16}"
EndProject
Global
	GlobalSection(SolutionConfigurationPlatforms) = preSolution
		Debug|Any CPU = Debug|Any CPU
		Debug|x64 = Debug|x64
		Debug|x86 = Debug|x86
		Release|Any CPU = Release|Any CPU
		Release|x64 = Release|x64
		Release|x86 = Release|x86
	EndGlobalSection
	GlobalSection(ProjectConfigurationPlatforms) = postSolution
		{CC18C242-837B-4027-B5CC-983321E239A1}.Debug|Any CPU.ActiveCfg = Debug|Any CPU
		{CC18C242-837B-4027-B5CC-983321E239A1}.Debug|Any CPU.Build.0 = Debug|Any CPU
		{CC18C242-837B-4027-B5CC-983321E239A1}.Debug|x64.ActiveCfg = Debug|x64
		{CC18C242-837B-4027-B5CC-983321E239A1}.Debug|x64.Build.0 = Debug|x64
		{CC18C242-837B-4027-B5CC-983321E239A1}.Debug|x86.ActiveCfg = Debug|Any CPU
		{CC18C242-837B-4027-B5CC-983321E239A1}.Debug|x86.Build.0 = Debug|Any CPU
		{CC18C242-837B-4027-B5CC-983321E239A1}.Release|Any CPU.ActiveCfg = Release|Any CPU
		{CC18C242-837B-4027-B5CC-983321E239A1}.Release|Any CPU.Build.0 = Release|Any CPU
		{CC18C242-837B-4027-B5CC-983321E239A1}.Release|x64.ActiveCfg = Release|x64
		{CC18C242-837B-4027-B5CC-983321E239A1}.Release|x64.Build.0 = Release|x64
		{CC18C242-837B-4027-B5CC-983321E239A1}.Release|x86.ActiveCfg = Release|Any CPU
		{CC18C242-837B-4027-B5CC-983321E239A1}.Release|x86.Build.0 = Release|Any CPU
		{9A7F45C5-B772-44DF-8397-0E55D03DBA04}.Debug|Any CPU.ActiveCfg = Debug|Any CPU
		{9A7F45C5-B772-44DF-8397-0E55D03DBA04}.Debug|Any CPU.Build.0 = Debug|Any CPU
		{9A7F45C5-B772-44DF-8397-0E55D03DBA04}.Debug|x64.ActiveCfg = Debug|x64
		{9A7F45C5-B772-44DF-8397-0E55D03DBA04}.Debug|x64.Build.0 = Debug|x64
		{9A7F45C5-B772-44DF-8397-0E55D03DBA04}.Debug|x86.ActiveCfg = Debug|Any CPU
		{9A7F45C5-B772-44DF-8397-0E55D03DBA04}.Debug|x86.Build.0 = Debug|Any CPU
		{9A7F45C5-B772-44DF-8397-0E55D03DBA04}.Release|Any CPU.ActiveCfg = Release|Any CPU
		{9A7F45C5-B772-44DF-8397-0E55D03DBA04}.Release|Any CPU.Build.0 = Release|Any CPU
		{9A7F45C5-B772-44DF-8397-0E55D03DBA04}.Release|x64.ActiveCfg = Release|x64
		{9A7F45C5-B772-44DF-8397-0E55D03DBA04}.Release|x64.Build.0 = Release|x64
		{9A7F45C5-B772-44DF-8397-0E55D03DBA04}.Release|x86.ActiveCfg = Release|Any CPU
		{9A7F45C5-B772-44DF-8397-0E55D03DBA04}.Release|x86.Build.0 = Release|Any CPU
		{D607D09C-F1E2-4DAB-B546-DE294ECD96E0}.Debug|Any CPU.ActiveCfg = Debug|Any CPU
		{D607D09C-F1E2-4DAB-B546-DE294ECD96E0}.Debug|Any CPU.Build.0 = Debug|Any CPU
		{D607D09C-F1E2-4DAB-B546-DE294ECD96E0}.Debug|x64.ActiveCfg = Debug|x64
		{D607D09C-F1E2-4DAB-B546-DE294ECD96E0}.Debug|x64.Build.0 = Debug|x64
		{D607D09C-F1E2-4DAB-B546-DE294ECD96E0}.Debug|x86.ActiveCfg = Debug|x86
		{D607D09C-F1E2-4DAB-B546-DE294ECD96E0}.Debug|x86.Build.0 = Debug|x86
		{D607D09C-F1E2-4DAB-B546-DE294ECD96E0}.Release|Any CPU.ActiveCfg = Release|Any CPU
		{D607D09C-F1E2-4DAB-B546-DE294ECD96E0}.Release|Any CPU.Build.0 = Release|Any CPU
		{D607D09C-F1E2-4DAB-B546-DE294ECD96E0}.Release|x64.ActiveCfg = Release|x64
		{D607D09C-F1E2-4DAB-B546-DE294ECD96E0}.Release|x64.Build.0 = Release|x64
		{D607D09C-F1E2-4DAB-B546-DE294ECD96E0}.Release|x86.ActiveCfg = Release|x86
		{D607D09C-F1E2-4DAB-B546-DE294ECD96E0}.Release|x86.Build.0 = Release|x86
		{AB9948C2-FCC1-44CA-AE9D-41323349ED16}.Debug|Any CPU.ActiveCfg = Debug|Any CPU
		{AB9948C2-FCC1-44CA-AE9D-41323349ED16}.Debug|Any CPU.Build.0 = Debug|Any CPU
		{AB9948C2-FCC1-44CA-AE9D-41323349ED16}.Debug|x64.ActiveCfg = Debug|x64
		{AB9948C2-FCC1-44CA-AE9D-41323349ED16}.Debug|x64.Build.0 = Debug|x64
		{AB9948C2-FCC1-44CA-AE9D-41323349ED16}.Debug|x86.ActiveCfg = Debug|Any CPU
		{AB9948C2-FCC1-44CA-AE9D-41323349ED16}.Debug|x86.Build.0 = Debug|Any CPU
		{AB9948C2-FCC1-44CA-AE9D-41323349ED16}.Release|Any CPU.ActiveCfg = Release|Any CPU
		{AB9948C2-FCC1-44CA-AE9D-41323349ED16}.Release|Any CPU.Build.0 = Release|Any CPU
		{AB9948C2-FCC1-44CA-AE9D-41323349ED16}.Release|x64.ActiveCfg = Release|x64
		{AB9948C2-FCC1-44CA-AE9D-41323349ED16}.Release|x64.Build.0 = Release|x64
		{AB9948C2-FCC1-44CA-AE9D-41323349ED16}.Release|x86.ActiveCfg = Release|Any CPU
		{AB9948C2-FCC1-44CA-AE9D-41323349ED16}.Release|x86.Build.0 = Release|Any CPU
	EndGlobalSection
	GlobalSection(SolutionProperties) = preSolution
		HideSolutionNode = FALSE
	EndGlobalSection
EndGlobal
